
Microsoft Visual Studio Solution File, Format Version 12.00
# Visual Studio 15
VisualStudioVersion = 15.0.27703.2035
MinimumVisualStudioVersion = 10.0.40219.1
Project("{8BC9CEB8-8B4A-11D0-8D11-00A0C91BC942}") = "TestConsole", "TestConsole\TestConsole.vcxproj", "{BD01607A-F266-40D7-BACC-9B42AF02E5EA}"
	ProjectSection(ProjectDependencies) = postProject
		{52A140A9-2B24-4965-8F14-AFDBD87E497A} = {52A140A9-2B24-4965-8F14-AFDBD87E497A}
	EndProjectSection
EndProject
Project("{8BC9CEB8-8B4A-11D0-8D11-00A0C91BC942}") = "HighC", "HighC\HighC.vcxproj", "{52A140A9-2B24-4965-8F14-AFDBD87E497A}"
EndProject
Global
	GlobalSection(SolutionConfigurationPlatforms) = preSolution
		Debug|x64 = Debug|x64
		Debug|x86 = Debug|x86
		Release|x64 = Release|x64
		Release|x86 = Release|x86
	EndGlobalSection
	GlobalSection(ProjectConfigurationPlatforms) = postSolution
		{BD01607A-F266-40D7-BACC-9B42AF02E5EA}.Debug|x64.ActiveCfg = Debug|x64
		{BD01607A-F266-40D7-BACC-9B42AF02E5EA}.Debug|x64.Build.0 = Debug|x64
		{BD01607A-F266-40D7-BACC-9B42AF02E5EA}.Debug|x86.ActiveCfg = Debug|Win32
		{BD01607A-F266-40D7-BACC-9B42AF02E5EA}.Debug|x86.Build.0 = Debug|Win32
		{BD01607A-F266-40D7-BACC-9B42AF02E5EA}.Release|x64.ActiveCfg = Release|x64
		{BD01607A-F266-40D7-BACC-9B42AF02E5EA}.Release|x64.Build.0 = Release|x64
		{BD01607A-F266-40D7-BACC-9B42AF02E5EA}.Release|x86.ActiveCfg = Release|Win32
		{BD01607A-F266-40D7-BACC-9B42AF02E5EA}.Release|x86.Build.0 = Release|Win32
		{52A140A9-2B24-4965-8F14-AFDBD87E497A}.Debug|x64.ActiveCfg = Debug|x64
		{52A140A9-2B24-4965-8F14-AFDBD87E497A}.Debug|x64.Build.0 = Debug|x64
		{52A140A9-2B24-4965-8F14-AFDBD87E497A}.Debug|x86.ActiveCfg = Debug|Win32
		{52A140A9-2B24-4965-8F14-AFDBD87E497A}.Debug|x86.Build.0 = Debug|Win32
		{52A140A9-2B24-4965-8F14-AFDBD87E497A}.Release|x64.ActiveCfg = Release|x64
		{52A140A9-2B24-4965-8F14-AFDBD87E497A}.Release|x64.Build.0 = Release|x64
		{52A140A9-2B24-4965-8F14-AFDBD87E497A}.Release|x86.ActiveCfg = Release|Win32
		{52A140A9-2B24-4965-8F14-AFDBD87E497A}.Release|x86.Build.0 = Release|Win32
	EndGlobalSection
	GlobalSection(SolutionProperties) = preSolution
		HideSolutionNode = FALSE
	EndGlobalSection
	GlobalSection(ExtensibilityGlobals) = postSolution
		SolutionGuid = {15AEC268-2719-4A11-8F13-14B752521E9A}
	EndGlobalSection
EndGlobal
